lockfileVersion: '6.0'

settings:
  autoInstallPeers: true
  excludeLinksFromLockfile: false

importers:

  .:
    devDependencies:
      custom-cspell-dict:
        specifier: workspace:*
        version: link:packages/custom-cspell-dict

  apps/web:
    devDependencies:
      typescript:
        specifier: ^5.4.5
        version: 5.4.5

  packages/custom-cspell-dict:
    devDependencies:
      '@cspell/dict-npm':
        specifier: 5.0.15
        version: 5.0.15

packages:

  /@cspell/dict-npm@5.0.15:
    resolution: {integrity: sha512-sX0X5YWNW54F4baW7b5JJB6705OCBIZtUqjOghlJNORS5No7QY1IX1zc5FxNNu4gsaCZITAmfMi4ityXEsEThA==}
    dev: true

  /typescript@5.4.5:
    resolution: {integrity: sha512-vcI4UpRgg81oIRUFwR0WSIHKt11nJ7SAVlYNIu+QpqeyXP+gpQJy/Z4+F0aGxSE4MqwjyXvW/TzgkLAx2AGHwQ==}
    engines: {node: '>=14.17'}
    hasBin: true
    dev: true
